
Microsoft Visual Studio Solution File, Format Version 12.00
# Visual Studio Version 17
VisualStudioVersion = 17.9.34622.214
MinimumVisualStudioVersion = 10.0.40219.1
Project("{FAE04EC0-301F-11D3-BF4B-00C04F79EFBC}") = "두더쥐게임_winform1", "두더쥐게임_winform1.csproj", "{AEF81A63-1B64-491C-AEF3-AE02DEBD8F2D}"
EndProject
Global
	GlobalSection(SolutionConfigurationPlatforms) = preSolution
		Debug|Any CPU = Debug|Any CPU
		Release|Any CPU = Release|Any CPU
	EndGlobalSection
	GlobalSection(ProjectConfigurationPlatforms) = postSolution
		{AEF81A63-1B64-491C-AEF3-AE02DEBD8F2D}.Debug|Any CPU.ActiveCfg = Debug|Any CPU
		{AEF81A63-1B64-491C-AEF3-AE02DEBD8F2D}.Debug|Any CPU.Build.0 = Debug|Any CPU
		{AEF81A63-1B64-491C-AEF3-AE02DEBD8F2D}.Release|Any CPU.ActiveCfg = Release|Any CPU
		{AEF81A63-1B64-491C-AEF3-AE02DEBD8F2D}.Release|Any CPU.Build.0 = Release|Any CPU
	EndGlobalSection
	GlobalSection(SolutionProperties) = preSolution
		HideSolutionNode = FALSE
	EndGlobalSection
	GlobalSection(ExtensibilityGlobals) = postSolution
		SolutionGuid = {CCBAE4F1-63D6-4083-95F9-6B7FF2703CDC}
	EndGlobalSection
EndGlobal
